# THIS IS AN AUTOGENERATED FILE. DO NOT EDIT THIS FILE DIRECTLY.
# yarn lockfile v1


"@babel/runtime@^7.23.2":
  version "7.26.0"
  resolved "https://registry.yarnpkg.com/@babel/runtime/-/runtime-7.26.0.tgz#8600c2f595f277c60815256418b85356a65173c1"
  integrity sha512-FDSOghenHTiToteC/QRlv2q3DhPZ/oOXTBoirfWNx1Cx3TMVcGWQtMMmQcSvb/JjpNeGzx8Pq/b4fKEJuWm1sw==
  dependencies:
    regenerator-runtime "^0.14.0"

"@romcal/calendar.france@^3.0.0-dev.92":
  version "3.0.0-dev.92"
  resolved "https://registry.yarnpkg.com/@romcal/calendar.france/-/calendar.france-3.0.0-dev.92.tgz#d4ab10ace9bb36ab93a41d3fd1799739b5d23365"
  integrity sha512-IDAO6OwCFP30gtR2LUDlCW2gCtZgYopxLRCwsB3y7sEsP2UFhZ5s16/WXT5zabbVKfhCZl/89ndfqfmobaso4w==

i18next@^24.2.0:
  version "24.2.0"
  resolved "https://registry.yarnpkg.com/i18next/-/i18next-24.2.0.tgz#344c15a6f3b43d02aed78e2b08532e5b170951b4"
  integrity sha512-ArJJTS1lV6lgKH7yEf4EpgNZ7+THl7bsGxxougPYiXRTJ/Fe1j08/TBpV9QsXCIYVfdE/HWG/xLezJ5DOlfBOA==
  dependencies:
    "@babel/runtime" "^7.23.2"

regenerator-runtime@^0.14.0:
  version "0.14.1"
  resolved "https://registry.yarnpkg.com/regenerator-runtime/-/regenerator-runtime-0.14.1.tgz#356ade10263f685dda125100cd862c1db895327f"
  integrity sha512-dYnhHh0nJoMfnkZs6GmmhFknAGRrLznOu5nc9ML+EJxGvrx6H7teuevqVqCuPcPK//3eDrrjQhehXVx9cnkGdw==

romcal@^3.0.0-dev.92:
  version "3.0.0-dev.92"
  resolved "https://registry.yarnpkg.com/romcal/-/romcal-3.0.0-dev.92.tgz#98978b4c84f94c295fb6a0a2a1b14c5a94776c57"
  integrity sha512-F4V2zas8nSz5ZRU2btPLjxod5cdA+sy6KydNPNVBpGOAW89WtlKIjYEOgkhCP6ZDvkZnQl/CcTXeOwFO4LwscA==
